
Microsoft Visual Studio Solution File, Format Version 12.00
# Visual Studio Version 16
VisualStudioVersion = 16.0.28606.126
MinimumVisualStudioVersion = 10.0.40219.1
Project("{FAE04EC0-301F-11D3-BF4B-00C04F79EFBC}") = "SliderMobile.Android", "SliderMobile\SliderMobile.Android\SliderMobile.Android.csproj", "{B18C6A19-889B-431C-8902-22190F24B22C}"
EndProject
Project("{FAE04EC0-301F-11D3-BF4B-00C04F79EFBC}") = "SliderMobile.iOS", "SliderMobile\SliderMobile.iOS\SliderMobile.iOS.csproj", "{493ECDA3-EFBE-47D1-BC30-BF07919808E9}"
EndProject
Project("{9A19103F-16F7-4668-BE54-9A1E7A4F7556}") = "SliderMobile", "SliderMobile\SliderMobile\SliderMobile.csproj", "{E0E4B5A9-B0C7-4EB4-9830-9649E0CA65D7}"
EndProject
Project("{FAE04EC0-301F-11D3-BF4B-00C04F79EFBC}") = "SliderMobile.UWP", "SliderMobile\SliderMobile.UWP\SliderMobile.UWP.csproj", "{C95FFAF4-D7B9-4A83-A19E-C310A4817A2E}"
EndProject
Global
	GlobalSection(SolutionConfigurationPlatforms) = preSolution
		Debug|Any CPU = Debug|Any CPU
		Debug|ARM = Debug|ARM
		Debug|ARM64 = Debug|ARM64
		Debug|iPhone = Debug|iPhone
		Debug|iPhoneSimulator = Debug|iPhoneSimulator
		Debug|x64 = Debug|x64
		Debug|x86 = Debug|x86
		Release|Any CPU = Release|Any CPU
		Release|ARM = Release|ARM
		Release|ARM64 = Release|ARM64
		Release|iPhone = Release|iPhone
		Release|iPhoneSimulator = Release|iPhoneSimulator
		Release|x64 = Release|x64
		Release|x86 = Release|x86
	EndGlobalSection
	GlobalSection(ProjectConfigurationPlatforms) = postSolution
		{B18C6A19-889B-431C-8902-22190F24B22C}.Debug|Any CPU.ActiveCfg = Debug|Any CPU
		{B18C6A19-889B-431C-8902-22190F24B22C}.Debug|Any CPU.Build.0 = Debug|Any CPU
		{B18C6A19-889B-431C-8902-22190F24B22C}.Debug|Any CPU.Deploy.0 = Debug|Any CPU
		{B18C6A19-889B-431C-8902-22190F24B22C}.Debug|ARM.ActiveCfg = Debug|Any CPU
		{B18C6A19-889B-431C-8902-22190F24B22C}.Debug|ARM.Build.0 = Debug|Any CPU
		{B18C6A19-889B-431C-8902-22190F24B22C}.Debug|ARM.Deploy.0 = Debug|Any CPU
		{B18C6A19-889B-431C-8902-22190F24B22C}.Debug|ARM64.ActiveCfg = Debug|Any CPU
		{B18C6A19-889B-431C-8902-22190F24B22C}.Debug|ARM64.Build.0 = Debug|Any CPU
		{B18C6A19-889B-431C-8902-22190F24B22C}.Debug|ARM64.Deploy.0 = Debug|Any CPU
		{B18C6A19-889B-431C-8902-22190F24B22C}.Debug|iPhone.ActiveCfg = Debug|Any CPU
		{B18C6A19-889B-431C-8902-22190F24B22C}.Debug|iPhone.Build.0 = Debug|Any CPU
		{B18C6A19-889B-431C-8902-22190F24B22C}.Debug|iPhone.Deploy.0 = Debug|Any CPU
		{B18C6A19-889B-431C-8902-22190F24B22C}.Debug|iPhoneSimulator.ActiveCfg = Debug|Any CPU
		{B18C6A19-889B-431C-8902-22190F24B22C}.Debug|iPhoneSimulator.Build.0 = Debug|Any CPU
		{B18C6A19-889B-431C-8902-22190F24B22C}.Debug|iPhoneSimulator.Deploy.0 = Debug|Any CPU
		{B18C6A19-889B-431C-8902-22190F24B22C}.Debug|x64.ActiveCfg = Debug|Any CPU
		{B18C6A19-889B-431C-8902-22190F24B22C}.Debug|x64.Build.0 = Debug|Any CPU
		{B18C6A19-889B-431C-8902-22190F24B22C}.Debug|x64.Deploy.0 = Debug|Any CPU
		{B18C6A19-889B-431C-8902-22190F24B22C}.Debug|x86.ActiveCfg = Debug|Any CPU
		{B18C6A19-889B-431C-8902-22190F24B22C}.Debug|x86.Build.0 = Debug|Any CPU
		{B18C6A19-889B-431C-8902-22190F24B22C}.Debug|x86.Deploy.0 = Debug|Any CPU
		{B18C6A19-889B-431C-8902-22190F24B22C}.Release|Any CPU.ActiveCfg = Release|Any CPU
		{B18C6A19-889B-431C-8902-22190F24B22C}.Release|Any CPU.Build.0 = Release|Any CPU
		{B18C6A19-889B-431C-8902-22190F24B22C}.Release|Any CPU.Deploy.0 = Release|Any CPU
		{B18C6A19-889B-431C-8902-22190F24B22C}.Release|ARM.ActiveCfg = Release|Any CPU
		{B18C6A19-889B-431C-8902-22190F24B22C}.Release|ARM.Build.0 = Release|Any CPU
		{B18C6A19-889B-431C-8902-22190F24B22C}.Release|ARM.Deploy.0 = Release|Any CPU
		{B18C6A19-889B-431C-8902-22190F24B22C}.Release|ARM64.ActiveCfg = Release|Any CPU
		{B18C6A19-889B-431C-8902-22190F24B22C}.Release|ARM64.Build.0 = Release|Any CPU
		{B18C6A19-889B-431C-8902-22190F24B22C}.Release|ARM64.Deploy.0 = Release|Any CPU
		{B18C6A19-889B-431C-8902-22190F24B22C}.Release|iPhone.ActiveCfg = Release|Any CPU
		{B18C6A19-889B-431C-8902-22190F24B22C}.Release|iPhone.Build.0 = Release|Any CPU
		{B18C6A19-889B-431C-8902-22190F24B22C}.Release|iPhone.Deploy.0 = Release|Any CPU
		{B18C6A19-889B-431C-8902-22190F24B22C}.Release|iPhoneSimulator.ActiveCfg = Release|Any CPU
		{B18C6A19-889B-431C-8902-22190F24B22C}.Release|iPhoneSimulator.Build.0 = Release|Any CPU
		{B18C6A19-889B-431C-8902-22190F24B22C}.Release|iPhoneSimulator.Deploy.0 = Release|Any CPU
		{B18C6A19-889B-431C-8902-22190F24B22C}.Release|x64.ActiveCfg = Release|Any CPU
		{B18C6A19-889B-431C-8902-22190F24B22C}.Release|x64.Build.0 = Release|Any CPU
		{B18C6A19-889B-431C-8902-22190F24B22C}.Release|x64.Deploy.0 = Release|Any CPU
		{B18C6A19-889B-431C-8902-22190F24B22C}.Release|x86.ActiveCfg = Release|Any CPU
		{B18C6A19-889B-431C-8902-22190F24B22C}.Release|x86.Build.0 = Release|Any CPU
		{B18C6A19-889B-431C-8902-22190F24B22C}.Release|x86.Deploy.0 = Release|Any CPU
		{493ECDA3-EFBE-47D1-BC30-BF07919808E9}.Debug|Any CPU.ActiveCfg = Debug|iPhoneSimulator
		{493ECDA3-EFBE-47D1-BC30-BF07919808E9}.Debug|Any CPU.Build.0 = Debug|iPhoneSimulator
		{493ECDA3-EFBE-47D1-BC30-BF07919808E9}.Debug|Any CPU.Deploy.0 = Debug|iPhoneSimulator
		{493ECDA3-EFBE-47D1-BC30-BF07919808E9}.Debug|ARM.ActiveCfg = Debug|iPhone
		{493ECDA3-EFBE-47D1-BC30-BF07919808E9}.Debug|ARM64.ActiveCfg = Debug|iPhone
		{493ECDA3-EFBE-47D1-BC30-BF07919808E9}.Debug|iPhone.ActiveCfg = Debug|iPhone
		{493ECDA3-EFBE-47D1-BC30-BF07919808E9}.Debug|iPhone.Build.0 = Debug|iPhone
		{493ECDA3-EFBE-47D1-BC30-BF07919808E9}.Debug|iPhone.Deploy.0 = Debug|iPhone
		{493ECDA3-EFBE-47D1-BC30-BF07919808E9}.Debug|iPhoneSimulator.ActiveCfg = Debug|iPhoneSimulator
		{493ECDA3-EFBE-47D1-BC30-BF07919808E9}.Debug|iPhoneSimulator.Build.0 = Debug|iPhoneSimulator
		{493ECDA3-EFBE-47D1-BC30-BF07919808E9}.Debug|iPhoneSimulator.Deploy.0 = Debug|iPhoneSimulator
		{493ECDA3-EFBE-47D1-BC30-BF07919808E9}.Debug|x64.ActiveCfg = Debug|iPhone
		{493ECDA3-EFBE-47D1-BC30-BF07919808E9}.Debug|x86.ActiveCfg = Debug|iPhone
		{493ECDA3-EFBE-47D1-BC30-BF07919808E9}.Release|Any CPU.ActiveCfg = Release|iPhone
		{493ECDA3-EFBE-47D1-BC30-BF07919808E9}.Release|Any CPU.Build.0 = Release|iPhone
		{493ECDA3-EFBE-47D1-BC30-BF07919808E9}.Release|Any CPU.Deploy.0 = Release|iPhone
		{493ECDA3-EFBE-47D1-BC30-BF07919808E9}.Release|ARM.ActiveCfg = Release|iPhoneSimulator
		{493ECDA3-EFBE-47D1-BC30-BF07919808E9}.Release|ARM64.ActiveCfg = Release|iPhoneSimulator
		{493ECDA3-EFBE-47D1-BC30-BF07919808E9}.Release|iPhone.ActiveCfg = Release|iPhone
		{493ECDA3-EFBE-47D1-BC30-BF07919808E9}.Release|iPhone.Build.0 = Release|iPhone
		{493ECDA3-EFBE-47D1-BC30-BF07919808E9}.Release|iPhone.Deploy.0 = Release|iPhone
		{493ECDA3-EFBE-47D1-BC30-BF07919808E9}.Release|iPhoneSimulator.ActiveCfg = Release|iPhoneSimulator
		{493ECDA3-EFBE-47D1-BC30-BF07919808E9}.Release|iPhoneSimulator.Build.0 = Release|iPhoneSimulator
		{493ECDA3-EFBE-47D1-BC30-BF07919808E9}.Release|iPhoneSimulator.Deploy.0 = Release|iPhoneSimulator
		{493ECDA3-EFBE-47D1-BC30-BF07919808E9}.Release|x64.ActiveCfg = Release|iPhoneSimulator
		{493ECDA3-EFBE-47D1-BC30-BF07919808E9}.Release|x86.ActiveCfg = Release|iPhoneSimulator
		{E0E4B5A9-B0C7-4EB4-9830-9649E0CA65D7}.Debug|Any CPU.ActiveCfg = Debug|Any CPU
		{E0E4B5A9-B0C7-4EB4-9830-9649E0CA65D7}.Debug|Any CPU.Build.0 = Debug|Any CPU
		{E0E4B5A9-B0C7-4EB4-9830-9649E0CA65D7}.Debug|Any CPU.Deploy.0 = Debug|Any CPU
		{E0E4B5A9-B0C7-4EB4-9830-9649E0CA65D7}.Debug|ARM.ActiveCfg = Debug|Any CPU
		{E0E4B5A9-B0C7-4EB4-9830-9649E0CA65D7}.Debug|ARM.Build.0 = Debug|Any CPU
		{E0E4B5A9-B0C7-4EB4-9830-9649E0CA65D7}.Debug|ARM64.ActiveCfg = Debug|Any CPU
		{E0E4B5A9-B0C7-4EB4-9830-9649E0CA65D7}.Debug|ARM64.Build.0 = Debug|Any CPU
		{E0E4B5A9-B0C7-4EB4-9830-9649E0CA65D7}.Debug|iPhone.ActiveCfg = Debug|Any CPU
		{E0E4B5A9-B0C7-4EB4-9830-9649E0CA65D7}.Debug|iPhone.Build.0 = Debug|Any CPU
		{E0E4B5A9-B0C7-4EB4-9830-9649E0CA65D7}.Debug|iPhone.Deploy.0 = Debug|Any CPU
		{E0E4B5A9-B0C7-4EB4-9830-9649E0CA65D7}.Debug|iPhoneSimulator.ActiveCfg = Debug|Any CPU
		{E0E4B5A9-B0C7-4EB4-9830-9649E0CA65D7}.Debug|iPhoneSimulator.Build.0 = Debug|Any CPU
		{E0E4B5A9-B0C7-4EB4-9830-9649E0CA65D7}.Debug|iPhoneSimulator.Deploy.0 = Debug|Any CPU
		{E0E4B5A9-B0C7-4EB4-9830-9649E0CA65D7}.Debug|x64.ActiveCfg = Debug|Any CPU
		{E0E4B5A9-B0C7-4EB4-9830-9649E0CA65D7}.Debug|x64.Build.0 = Debug|Any CPU
		{E0E4B5A9-B0C7-4EB4-9830-9649E0CA65D7}.Debug|x86.ActiveCfg = Debug|Any CPU
		{E0E4B5A9-B0C7-4EB4-9830-9649E0CA65D7}.Debug|x86.Build.0 = Debug|Any CPU
		{E0E4B5A9-B0C7-4EB4-9830-9649E0CA65D7}.Release|Any CPU.ActiveCfg = Release|Any CPU
		{E0E4B5A9-B0C7-4EB4-9830-9649E0CA65D7}.Release|Any CPU.Build.0 = Release|Any CPU
		{E0E4B5A9-B0C7-4EB4-9830-9649E0CA65D7}.Release|Any CPU.Deploy.0 = Release|Any CPU
		{E0E4B5A9-B0C7-4EB4-9830-9649E0CA65D7}.Release|ARM.ActiveCfg = Release|Any CPU
		{E0E4B5A9-B0C7-4EB4-9830-9649E0CA65D7}.Release|ARM.Build.0 = Release|Any CPU
		{E0E4B5A9-B0C7-4EB4-9830-9649E0CA65D7}.Release|ARM64.ActiveCfg = Release|Any CPU
		{E0E4B5A9-B0C7-4EB4-9830-9649E0CA65D7}.Release|ARM64.Build.0 = Release|Any CPU
		{E0E4B5A9-B0C7-4EB4-9830-9649E0CA65D7}.Release|iPhone.ActiveCfg = Release|Any CPU
		{E0E4B5A9-B0C7-4EB4-9830-9649E0CA65D7}.Release|iPhone.Build.0 = Release|Any CPU
		{E0E4B5A9-B0C7-4EB4-9830-9649E0CA65D7}.Release|iPhone.Deploy.0 = Release|Any CPU
		{E0E4B5A9-B0C7-4EB4-9830-9649E0CA65D7}.Release|iPhoneSimulator.ActiveCfg = Release|Any CPU
		{E0E4B5A9-B0C7-4EB4-9830-9649E0CA65D7}.Release|iPhoneSimulator.Build.0 = Release|Any CPU
		{E0E4B5A9-B0C7-4EB4-9830-9649E0CA65D7}.Release|iPhoneSimulator.Deploy.0 = Release|Any CPU
		{E0E4B5A9-B0C7-4EB4-9830-9649E0CA65D7}.Release|x64.ActiveCfg = Release|Any CPU
		{E0E4B5A9-B0C7-4EB4-9830-9649E0CA65D7}.Release|x64.Build.0 = Release|Any CPU
		{E0E4B5A9-B0C7-4EB4-9830-9649E0CA65D7}.Release|x86.ActiveCfg = Release|Any CPU
		{E0E4B5A9-B0C7-4EB4-9830-9649E0CA65D7}.Release|x86.Build.0 = Release|Any CPU
		{C95FFAF4-D7B9-4A83-A19E-C310A4817A2E}.Debug|Any CPU.ActiveCfg = Debug|x86
		{C95FFAF4-D7B9-4A83-A19E-C310A4817A2E}.Debug|ARM.ActiveCfg = Debug|ARM
		{C95FFAF4-D7B9-4A83-A19E-C310A4817A2E}.Debug|ARM.Build.0 = Debug|ARM
		{C95FFAF4-D7B9-4A83-A19E-C310A4817A2E}.Debug|ARM.Deploy.0 = Debug|ARM
		{C95FFAF4-D7B9-4A83-A19E-C310A4817A2E}.Debug|ARM64.ActiveCfg = Debug|ARM64
		{C95FFAF4-D7B9-4A83-A19E-C310A4817A2E}.Debug|ARM64.Build.0 = Debug|ARM64
		{C95FFAF4-D7B9-4A83-A19E-C310A4817A2E}.Debug|ARM64.Deploy.0 = Debug|ARM64
		{C95FFAF4-D7B9-4A83-A19E-C310A4817A2E}.Debug|iPhone.ActiveCfg = Debug|x86
		{C95FFAF4-D7B9-4A83-A19E-C310A4817A2E}.Debug|iPhoneSimulator.ActiveCfg = Debug|x86
		{C95FFAF4-D7B9-4A83-A19E-C310A4817A2E}.Debug|x64.ActiveCfg = Debug|x64
		{C95FFAF4-D7B9-4A83-A19E-C310A4817A2E}.Debug|x64.Build.0 = Debug|x64
		{C95FFAF4-D7B9-4A83-A19E-C310A4817A2E}.Debug|x64.Deploy.0 = Debug|x64
		{C95FFAF4-D7B9-4A83-A19E-C310A4817A2E}.Debug|x86.ActiveCfg = Debug|x86
		{C95FFAF4-D7B9-4A83-A19E-C310A4817A2E}.Debug|x86.Build.0 = Debug|x86
		{C95FFAF4-D7B9-4A83-A19E-C310A4817A2E}.Debug|x86.Deploy.0 = Debug|x86
		{C95FFAF4-D7B9-4A83-A19E-C310A4817A2E}.Release|Any CPU.ActiveCfg = Release|x86
		{C95FFAF4-D7B9-4A83-A19E-C310A4817A2E}.Release|ARM.ActiveCfg = Release|ARM
		{C95FFAF4-D7B9-4A83-A19E-C310A4817A2E}.Release|ARM.Build.0 = Release|ARM
		{C95FFAF4-D7B9-4A83-A19E-C310A4817A2E}.Release|ARM.Deploy.0 = Release|ARM
		{C95FFAF4-D7B9-4A83-A19E-C310A4817A2E}.Release|ARM64.ActiveCfg = Release|ARM64
		{C95FFAF4-D7B9-4A83-A19E-C310A4817A2E}.Release|ARM64.Build.0 = Release|ARM64
		{C95FFAF4-D7B9-4A83-A19E-C310A4817A2E}.Release|ARM64.Deploy.0 = Release|ARM64
		{C95FFAF4-D7B9-4A83-A19E-C310A4817A2E}.Release|iPhone.ActiveCfg = Release|x86
		{C95FFAF4-D7B9-4A83-A19E-C310A4817A2E}.Release|iPhoneSimulator.ActiveCfg = Release|x86
		{C95FFAF4-D7B9-4A83-A19E-C310A4817A2E}.Release|x64.ActiveCfg = Release|x64
		{C95FFAF4-D7B9-4A83-A19E-C310A4817A2E}.Release|x64.Build.0 = Release|x64
		{C95FFAF4-D7B9-4A83-A19E-C310A4817A2E}.Release|x64.Deploy.0 = Release|x64
		{C95FFAF4-D7B9-4A83-A19E-C310A4817A2E}.Release|x86.ActiveCfg = Release|x86
		{C95FFAF4-D7B9-4A83-A19E-C310A4817A2E}.Release|x86.Build.0 = Release|x86
		{C95FFAF4-D7B9-4A83-A19E-C310A4817A2E}.Release|x86.Deploy.0 = Release|x86
	EndGlobalSection
	GlobalSection(SolutionProperties) = preSolution
		HideSolutionNode = FALSE
	EndGlobalSection
	GlobalSection(ExtensibilityGlobals) = postSolution
		SolutionGuid = {6802FAD4-BBCA-4123-A9E0-35179B971DFF}
	EndGlobalSection
EndGlobal
